<Solution>
  <Configurations>
    <Platform Name="Any CPU" />
    <Platform Name="x64" />
    <Platform Name="x86" />
  </Configurations>
  <Folder Name="/Solution Items/">
    <File Path=".editorconfig" />
    <File Path=".gitattributes" />
    <File Path=".github/workflows/enhanced-release.yml" />
    <File Path=".github/workflows/pr-tests.yml" />
    <File Path=".gitignore" />
    <File Path="Directory.Build.props" />
    <File Path="Directory.Build.targets" />
    <File Path="Directory.Packages.props" />
    <File Path="global.json" />
  </Folder>
  <Folder Name="/src/">
    <Project Path="src/Abblix.Utils/Abblix.Utils.csproj" />
    <Project Path="src/Abblix.DependencyInjection/Abblix.DependencyInjection.csproj" />
    <Project Path="src/Abblix.Jwt/Abblix.Jwt.csproj" />
    <Project Path="src/Abblix.Oidc.Server/Abblix.Oidc.Server.csproj" />
    <Project Path="src/Abblix.Oidc.Server.AspNetCore/Abblix.Oidc.Server.AspNetCore.csproj" />
    <Project Path="src/Abblix.Oidc.Server.Mvc/Abblix.Oidc.Server.Mvc.csproj" />
    <Project Path="src/Abblix.Oidc.Server.Mvc.SourceGeneration/Abblix.Oidc.Server.Mvc.SourceGeneration.csproj" />
    <Project Path="src/Abblix.Oidc.Server.MinimalApi/Abblix.Oidc.Server.MinimalApi.csproj" />
    <Project Path="src/Abblix.Oidc.Server.MinimalApi.SourceGeneration/Abblix.Oidc.Server.MinimalApi.SourceGeneration.csproj" />
    <Project Path="src/Abblix.Oidc.Server.Vault/Abblix.Oidc.Server.Vault.csproj" />
    <Project Path="src/Abblix.Oidc.Server.Azure/Abblix.Oidc.Server.Azure.csproj" />
    <Project Path="src/Abblix.Oidc.Client/Abblix.Oidc.Client.csproj" />
  </Folder>
  <Folder Name="/tests/">
    <Project Path="tests/Abblix.Utils.UnitTests/Abblix.Utils.UnitTests.csproj" />
    <Project Path="tests/Abblix.DependencyInjection.UnitTests/Abblix.DependencyInjection.UnitTests.csproj" />
    <Project Path="tests/Abblix.Jwt.UnitTests/Abblix.Jwt.UnitTests.csproj" />
    <Project Path="tests/Abblix.Oidc.Server.UnitTests/Abblix.Oidc.Server.UnitTests.csproj" />
    <Project Path="tests/Abblix.Oidc.Server.AspNetCore.UnitTests/Abblix.Oidc.Server.AspNetCore.UnitTests.csproj" />
    <Project Path="tests/Abblix.Oidc.Server.Mvc.UnitTests/Abblix.Oidc.Server.Mvc.UnitTests.csproj" />
    <Project Path="tests/Abblix.Oidc.Server.E2E.TestHost/Abblix.Oidc.Server.E2E.TestHost.csproj" />
    <Project Path="tests/Abblix.Oidc.Server.E2E.Tests/Abblix.Oidc.Server.E2E.Tests.csproj" />
    <Project Path="tests/Abblix.Oidc.Server.MinimalApi.E2E.TestHost/Abblix.Oidc.Server.MinimalApi.E2E.TestHost.csproj" />
    <Project Path="tests/Abblix.Oidc.Server.MinimalApi.E2E.Tests/Abblix.Oidc.Server.MinimalApi.E2E.Tests.csproj" />
    <Project Path="tests/Abblix.Oidc.Server.Vault.UnitTests/Abblix.Oidc.Server.Vault.UnitTests.csproj" />
    <Project Path="tests/Abblix.Oidc.Server.Azure.UnitTests/Abblix.Oidc.Server.Azure.UnitTests.csproj" />
    <Project Path="tests/Abblix.Oidc.Client.UnitTests/Abblix.Oidc.Client.UnitTests.csproj" />
  </Folder>
</Solution>
