
Microsoft Visual Studio Solution File, Format Version 12.00
# Visual Studio Version 17
VisualStudioVersion = 17.6.33723.286
MinimumVisualStudioVersion = 10.0.40219.1
Project("{9A19103F-16F7-4668-BE54-9A1E7A4F7556}") = "Abblix.DependencyInjection", "Abblix.DependencyInjection\Abblix.DependencyInjection.csproj", "{6EBC9BF3-506A-4EA1-93E7-15F2E1E8A7E0}"
EndProject
Project("{9A19103F-16F7-4668-BE54-9A1E7A4F7556}") = "Abblix.Jwt", "Abblix.Jwt\Abblix.Jwt.csproj", "{9017323B-D85F-46FC-8561-07BA41EFD665}"
EndProject
Project("{9A19103F-16F7-4668-BE54-9A1E7A4F7556}") = "Abblix.Oidc.Server", "Abblix.Oidc.Server\Abblix.Oidc.Server.csproj", "{EA342C7F-0C31-4F8F-9983-66B61A8853E5}"
EndProject
Project("{9A19103F-16F7-4668-BE54-9A1E7A4F7556}") = "Abblix.Oidc.Server.Tests", "Abblix.Oidc.Server.Tests\Abblix.Oidc.Server.Tests.csproj", "{9FB96BFA-8D23-42BA-BB2B-C50E2903CD6A}"
EndProject
Project("{9A19103F-16F7-4668-BE54-9A1E7A4F7556}") = "Abblix.Oidc.Server.UnitTests", "Abblix.Oidc.Server.UnitTests\Abblix.Oidc.Server.UnitTests.csproj", "{FAF56FB7-12B5-4AAA-BCA5-A76D49F0E273}"
EndProject
Project("{9A19103F-16F7-4668-BE54-9A1E7A4F7556}") = "Abblix.Utils", "Abblix.Utils\Abblix.Utils.csproj", "{1281A1E9-59D5-4669-9FCA-2668A373319D}"
EndProject
Project("{2150E333-8FDC-42A3-9474-1A3956D46DE8}") = "Solution Items", "Solution Items", "{AEC498B7-D15B-484A-8735-0AC77D23DC4E}"
	ProjectSection(SolutionItems) = preProject
		.gitattributes = .gitattributes
		.gitignore = .gitignore
		README.md = README.md
		.github\workflows\ci-cd.yml = .github\workflows\ci-cd.yml
	EndProjectSection
EndProject
Project("{FAE04EC0-301F-11D3-BF4B-00C04F79EFBC}") = "Abblix.Utils.UnitTests", "Abblix.Utils.UnitTests\Abblix.Utils.UnitTests.csproj", "{B4F3431F-A71C-44F4-A2BF-DCB00D17739E}"
EndProject
Project("{FAE04EC0-301F-11D3-BF4B-00C04F79EFBC}") = "Abblix.Jwt.UnitTests", "Abblix.Jwt.UnitTests\Abblix.Jwt.UnitTests.csproj", "{A68A5E5E-D478-45D9-9C76-412AA07A5F5C}"
EndProject
Project("{FAE04EC0-301F-11D3-BF4B-00C04F79EFBC}") = "Abblix.Oidc.Server.Mvc", "Abblix.Oidc.Server.Mvc\Abblix.Oidc.Server.Mvc.csproj", "{D44DD4A8-9A4D-4BB3-B590-1F9D85A41DB2}"
EndProject
Global
	GlobalSection(SolutionConfigurationPlatforms) = preSolution
		Debug|Any CPU = Debug|Any CPU
		Release|Any CPU = Release|Any CPU
	EndGlobalSection
	GlobalSection(ProjectConfigurationPlatforms) = postSolution
		{6EBC9BF3-506A-4EA1-93E7-15F2E1E8A7E0}.Debug|Any CPU.ActiveCfg = Debug|Any CPU
		{6EBC9BF3-506A-4EA1-93E7-15F2E1E8A7E0}.Debug|Any CPU.Build.0 = Debug|Any CPU
		{6EBC9BF3-506A-4EA1-93E7-15F2E1E8A7E0}.Release|Any CPU.ActiveCfg = Release|Any CPU
		{6EBC9BF3-506A-4EA1-93E7-15F2E1E8A7E0}.Release|Any CPU.Build.0 = Release|Any CPU
		{9017323B-D85F-46FC-8561-07BA41EFD665}.Debug|Any CPU.ActiveCfg = Debug|Any CPU
		{9017323B-D85F-46FC-8561-07BA41EFD665}.Debug|Any CPU.Build.0 = Debug|Any CPU
		{9017323B-D85F-46FC-8561-07BA41EFD665}.Release|Any CPU.ActiveCfg = Release|Any CPU
		{9017323B-D85F-46FC-8561-07BA41EFD665}.Release|Any CPU.Build.0 = Release|Any CPU
		{EA342C7F-0C31-4F8F-9983-66B61A8853E5}.Debug|Any CPU.ActiveCfg = Debug|Any CPU
		{EA342C7F-0C31-4F8F-9983-66B61A8853E5}.Debug|Any CPU.Build.0 = Debug|Any CPU
		{EA342C7F-0C31-4F8F-9983-66B61A8853E5}.Release|Any CPU.ActiveCfg = Release|Any CPU
		{EA342C7F-0C31-4F8F-9983-66B61A8853E5}.Release|Any CPU.Build.0 = Release|Any CPU
		{9FB96BFA-8D23-42BA-BB2B-C50E2903CD6A}.Debug|Any CPU.ActiveCfg = Debug|Any CPU
		{9FB96BFA-8D23-42BA-BB2B-C50E2903CD6A}.Debug|Any CPU.Build.0 = Debug|Any CPU
		{9FB96BFA-8D23-42BA-BB2B-C50E2903CD6A}.Release|Any CPU.ActiveCfg = Release|Any CPU
		{9FB96BFA-8D23-42BA-BB2B-C50E2903CD6A}.Release|Any CPU.Build.0 = Release|Any CPU
		{FAF56FB7-12B5-4AAA-BCA5-A76D49F0E273}.Debug|Any CPU.ActiveCfg = Debug|Any CPU
		{FAF56FB7-12B5-4AAA-BCA5-A76D49F0E273}.Debug|Any CPU.Build.0 = Debug|Any CPU
		{FAF56FB7-12B5-4AAA-BCA5-A76D49F0E273}.Release|Any CPU.ActiveCfg = Release|Any CPU
		{FAF56FB7-12B5-4AAA-BCA5-A76D49F0E273}.Release|Any CPU.Build.0 = Release|Any CPU
		{1281A1E9-59D5-4669-9FCA-2668A373319D}.Debug|Any CPU.ActiveCfg = Debug|Any CPU
		{1281A1E9-59D5-4669-9FCA-2668A373319D}.Debug|Any CPU.Build.0 = Debug|Any CPU
		{1281A1E9-59D5-4669-9FCA-2668A373319D}.Release|Any CPU.ActiveCfg = Release|Any CPU
		{1281A1E9-59D5-4669-9FCA-2668A373319D}.Release|Any CPU.Build.0 = Release|Any CPU
		{B4F3431F-A71C-44F4-A2BF-DCB00D17739E}.Debug|Any CPU.ActiveCfg = Debug|Any CPU
		{B4F3431F-A71C-44F4-A2BF-DCB00D17739E}.Debug|Any CPU.Build.0 = Debug|Any CPU
		{B4F3431F-A71C-44F4-A2BF-DCB00D17739E}.Release|Any CPU.ActiveCfg = Release|Any CPU
		{B4F3431F-A71C-44F4-A2BF-DCB00D17739E}.Release|Any CPU.Build.0 = Release|Any CPU
		{A68A5E5E-D478-45D9-9C76-412AA07A5F5C}.Debug|Any CPU.ActiveCfg = Debug|Any CPU
		{A68A5E5E-D478-45D9-9C76-412AA07A5F5C}.Debug|Any CPU.Build.0 = Debug|Any CPU
		{A68A5E5E-D478-45D9-9C76-412AA07A5F5C}.Release|Any CPU.ActiveCfg = Release|Any CPU
		{A68A5E5E-D478-45D9-9C76-412AA07A5F5C}.Release|Any CPU.Build.0 = Release|Any CPU
		{D44DD4A8-9A4D-4BB3-B590-1F9D85A41DB2}.Debug|Any CPU.ActiveCfg = Debug|Any CPU
		{D44DD4A8-9A4D-4BB3-B590-1F9D85A41DB2}.Debug|Any CPU.Build.0 = Debug|Any CPU
		{D44DD4A8-9A4D-4BB3-B590-1F9D85A41DB2}.Release|Any CPU.ActiveCfg = Release|Any CPU
		{D44DD4A8-9A4D-4BB3-B590-1F9D85A41DB2}.Release|Any CPU.Build.0 = Release|Any CPU
	EndGlobalSection
	GlobalSection(SolutionProperties) = preSolution
		HideSolutionNode = FALSE
	EndGlobalSection
	GlobalSection(NestedProjects) = preSolution
	EndGlobalSection
	GlobalSection(ExtensibilityGlobals) = postSolution
		SolutionGuid = {DEBC3C65-164F-4F76-B5D3-477C7DA579AA}
	EndGlobalSection
EndGlobal
